// !$*UTF8*$!
{
	archiveVersion = 1;
	classes = {
	};
	objectVersion = 46;
	objects = {

/* Begin PBXBuildFile section */
		F26EAE391E20774800350C0A /* AppDelegate.swift in Sources */ = {isa = PBXBuildFile; fileRef = F26EAE381E20774800350C0A /* AppDelegate.swift */; };
		F26EAE3B1E20774800350C0A /* ViewController.swift in Sources */ = {isa = PBXBuildFile; fileRef = F26EAE3A1E20774800350C0A /* ViewController.swift */; };
		F26EAE3E1E20774800350C0A /* Main.storyboard in Resources */ = {isa = PBXBuildFile; fileRef = F26EAE3C1E20774800350C0A /* Main.storyboard */; };
		F26EAE401E20774800350C0A /* Assets.xcassets in Resources */ = {isa = PBXBuildFile; fileRef = F26EAE3F1E20774800350C0A /* Assets.xcassets */; };
		F26EAE431E20774800350C0A /* LaunchScreen.storyboard in Resources */ = {isa = PBXBuildFile; fileRef = F26EAE411E20774800350C0A /* LaunchScreen.storyboard */; };
/* End PBXBuildFile section */

/* Begin PBXFileReference section */
		F26EAE351E20774800350C0A /* Tweetifier.app */ = {isa = PBXFileReference; explicitFileType = wrapper.application; includeInIndex = 0; path = Tweetifier.app; sourceTree = BUILT_PRODUCTS_DIR; };
		F26EAE381E20774800350C0A /* AppDelegate.swift */ = {isa = PBXFileReference; lastKnownFileType = sourcecode.swift; path = AppDelegate.swift; sourceTree = "<group>"; };
		F26EAE3A1E20774800350C0A /* ViewController.swift */ = {isa = PBXFileReference; lastKnownFileType = sourcecode.swift; path = ViewController.swift; sourceTree = "<group>"; };
		F26EAE3D1E20774800350C0A /* Base */ = {isa = PBXFileReference; lastKnownFileType = file.storyboard; name = Base; path = Base.lproj/Main.storyboard; sourceTree = "<group>"; };
		F26EAE3F1E20774800350C0A /* Assets.xcassets */ = {isa = PBXFileReference; lastKnownFileType = folder.assetcatalog; path = Assets.xcassets; sourceTree = "<group>"; };
		F26EAE421E20774800350C0A /* Base */ = {isa = PBXFileReference; lastKnownFileType = file.storyboard; name = Base; path = Base.lproj/LaunchScreen.storyboard; sourceTree = "<group>"; };
		F26EAE441E20774800350C0A /* Info.plist */ = {isa = PBXFileReference; lastKnownFileType = text.plist.xml; path = Info.plist; sourceTree = "<group>"; };
/* End PBXFileReference section */

/* Begin PBXFrameworksBuildPhase section */
		F26EAE321E20774800350C0A /* Frameworks */ = {
			isa = PBXFrameworksBuildPhase;
			buildActionMask = 2147483647;
			files = (
			);
			runOnlyForDeploymentPostprocessing = 0;
		};
/* End PBXFrameworksBuildPhase section */

/* Begin PBXGroup section */
		F26EAE2C1E20774800350C0A = {
			isa = PBXGroup;
			children = (
				F26EAE371E20774800350C0A /* Tweetifier */,
				F26EAE361E20774800350C0A /* Products */,
			);
			sourceTree = "<group>";
		};
		F26EAE361E20774800350C0A /* Products */ = {
			isa = PBXGroup;
			children = (
				F26EAE351E20774800350C0A /* Tweetifier.app */,
			);
			name = Products;
			sourceTree = "<group>";
		};
		F26EAE371E20774800350C0A /* Tweetifier */ = {
			isa = PBXGroup;
			children = (
				F26EAE381E20774800350C0A /* AppDelegate.swift */,
				F26EAE3A1E20774800350C0A /* ViewController.swift */,
				F26EAE3C1E20774800350C0A /* Main.storyboard */,
				F26EAE3F1E20774800350C0A /* Assets.xcassets */,
				F26EAE411E20774800350C0A /* LaunchScreen.storyboard */,
				F26EAE441E20774800350C0A /* Info.plist */,
			);
			path = Tweetifier;
			sourceTree = "<group>";
		};
/* End PBXGroup section */

/* Begin PBXNativeTarget section */
		F26EAE341E20774800350C0A /* Tweetifier */ = {
			isa = PBXNativeTarget;
			buildConfigurationList = F26EAE471E20774800350C0A /* Build configuration list for PBXNativeTarget "Tweetifier" */;
			buildPhases = (
				F26EAE311E20774800350C0A /* Sources */,
				F26EAE321E20774800350C0A /* Frameworks */,
				F26EAE331E20774800350C0A /* Resources */,
			);
			buildRules = (
			);
			dependencies = (
			);
			name = Tweetifier;
			productName = Tweetifier;
			productReference = F26EAE351E20774800350C0A /* Tweetifier.app */;
			productType = "com.apple.product-type.application";
		};
/* End PBXNativeTarget section */

/* Begin PBXProject section */
		F26EAE2D1E20774800350C0A /* Project object */ = {
			isa = PBXProject;
			attributes = {
				LastSwiftUpdateCheck = 0820;
				LastUpgradeCheck = 0820;
				ORGANIZATIONNAME = "Aditya Paruchuri";
				TargetAttributes = {
					F26EAE341E20774800350C0A = {
						CreatedOnToolsVersion = 8.2.1;
						ProvisioningStyle = Automatic;
					};
				};
			};
			buildConfigurationList = F26EAE301E20774800350C0A /* Build configuration list for PBXProject "Tweetifier" */;
			compatibilityVersion = "Xcode 3.2";
			developmentRegion = English;
			hasScannedForEncodings = 0;
			knownRegions = (
				en,
				Base,
			);
			mainGroup = F26EAE2C1E20774800350C0A;
			productRefGroup = F26EAE361E20774800350C0A /* Products */;
			projectDirPath = "";
			projectRoot = "";
			targets = (
				F26EAE341E20774800350C0A /* Tweetifier */,
			);
		};
/* End PBXProject section */

/* Begin PBXResourcesBuildPhase section */
		F26EAE331E20774800350C0A /* Resources */ = {
			isa = PBXResourcesBuildPhase;
			buildActionMask = 2147483647;
			files = (
				F26EAE431E20774800350C0A /* LaunchScreen.storyboard in Resources */,
				F26EAE401E20774800350C0A /* Assets.xcassets in Resources */,
				F26EAE3E1E20774800350C0A /* Main.storyboard in Resources */,
			);
			runOnlyForDeploymentPostprocessing = 0;
		};
/* End PBXResourcesBuildPhase section */

/* Begin PBXSourcesBuildPhase section */
		F26EAE311E20774800350C0A /* Sources */ = {
			isa = PBXSourcesBuildPhase;
			buildActionMask = 2147483647;
			files = (
				F26EAE3B1E20774800350C0A /* ViewController.swift in Sources */,
				F26EAE391E20774800350C0A /* AppDelegate.swift in Sources */,
			);
			runOnlyForDeploymentPostprocessing = 0;
		};
/* End PBXSourcesBuildPhase section */

/* Begin PBXVariantGroup section */
		F26EAE3C1E20774800350C0A /* Main.storyboard */ = {
			isa = PBXVariantGroup;
			children = (
				F26EAE3D1E20774800350C0A /* Base */,
			);
			name = Main.storyboard;
			sourceTree = "<group>";
		};
		F26EAE411E20774800350C0A /* LaunchScreen.storyboard */ = {
			isa = PBXVariantGroup;
			children = (
				F26EAE421E20774800350C0A /* Base */,
			);
			name = LaunchScreen.storyboard;
			sourceTree = "<group>";
		};
/* End PBXVariantGroup section */

/* Begin XCBuildConfiguration section */
		F26EAE451E20774800350C0A /* Debug */ = {
			isa = XCBuildConfiguration;
			buildSettings = {
				ALWAYS_SEARCH_USER_PATHS = NO;
				CLANG_ANALYZER_NONNULL = YES;
				CLANG_CXX_LANGUAGE_STANDARD = "gnu++0x";
				CLANG_CXX_LIBRARY = "libc++";
				CLANG_ENABLE_MODULES = YES;
				CLANG_ENABLE_OBJC_ARC = YES;
				CLANG_WARN_BOOL_CONVERSION = YES;
				CLANG_WARN_CONSTANT_CONVERSION = YES;
				CLANG_WARN_DIRECT_OBJC_ISA_USAGE = YES_ERROR;
				CLANG_WARN_DOCUMENTATION_COMMENTS = YES;
				CLANG_WARN_EMPTY_BODY = YES;
				CLANG_WARN_ENUM_CONVERSION = YES;
				CLANG_WARN_INFINITE_RECURSION = YES;
				CLANG_WARN_INT_CONVERSION = YES;
				CLANG_WARN_OBJC_ROOT_CLASS = YES_ERROR;
				CLANG_WARN_SUSPICIOUS_MOVE = YES;
				CLANG_WARN_UNREACHABLE_CODE = YES;
				CLANG_WARN__DUPLICATE_METHOD_MATCH = YES;
				"CODE_SIGN_IDENTITY[sdk=iphoneos*]" = "iPhone Developer";
				COPY_PHASE_STRIP = NO;
				DEBUG_INFORMATION_FORMAT = dwarf;
				ENABLE_STRICT_OBJC_MSGSEND = YES;
				ENABLE_TESTABILITY = YES;
				GCC_C_LANGUAGE_STANDARD = gnu99;
				GCC_DYNAMIC_NO_PIC = NO;
				GCC_NO_COMMON_BLOCKS = YES;
				GCC_OPTIMIZATION_LEVEL = 0;
				GCC_PREPROCESSOR_DEFINITIONS = (
					"DEBUG=1",
					"$(inherited)",
				);
				GCC_WARN_64_TO_32_BIT_CONVERSION = YES;
				GCC_WARN_ABOUT_RETURN_TYPE = YES_ERROR;
				GCC_WARN_UNDECLARED_SELECTOR = YES;
				GCC_WARN_UNINITIALIZED_AUTOS = YES_AGGRESSIVE;
				GCC_WARN_UNUSED_FUNCTION = YES;
				GCC_WARN_UNUSED_VARIABLE = YES;
				IPHONEOS_DEPLOYMENT_TARGET = 10.2;
				MTL_ENABLE_DEBUG_INFO = YES;
				ONLY_ACTIVE_ARCH = YES;
				SDKROOT = iphoneos;
				SWIFT_ACTIVE_COMPILATION_CONDITIONS = DEBUG;
				SWIFT_OPTIMIZATION_LEVEL = "-Onone";
				TARGETED_DEVICE_FAMILY = "1,2";
			};
			name = Debug;
		};
		F26EAE461E20774800350C0A /* Release */ = {
			isa = XCBuildConfiguration;
			buildSettings = {
				ALWAYS_SEARCH_USER_PATHS = NO;
				CLANG_ANALYZER_NONNULL = YES;
				CLANG_CXX_LANGUAGE_STANDARD = "gnu++0x";
				CLANG_CXX_LIBRARY = "libc++";
				CLANG_ENABLE_MODULES = YES;
				CLANG_ENABLE_OBJC_ARC = YES;
				CLANG_WARN_BOOL_CONVERSION = YES;
				CLANG_WARN_CONSTANT_CONVERSION = YES;
				CLANG_WARN_DIRECT_OBJC_ISA_USAGE = YES_ERROR;
				CLANG_WARN_DOCUMENTATION_COMMENTS = YES;
				CLANG_WARN_EMPTY_BODY = YES;
				CLANG_WARN_ENUM_CONVERSION = YES;
				CLANG_WARN_INFINITE_RECURSION = YES;
				CLANG_WARN_INT_CONVERSION = YES;
				CLANG_WARN_OBJC_ROOT_CLASS = YES_ERROR;
				CLANG_WARN_SUSPICIOUS_MOVE = YES;
				CLANG_WARN_UNREACHABLE_CODE = YES;
				CLANG_WARN__DUPLICATE_METHOD_MATCH = YES;
				"CODE_SIGN_IDENTITY[sdk=iphoneos*]" = "iPhone Developer";
				COPY_PHASE_STRIP = NO;
				DEBUG_INFORMATION_FORMAT = "dwarf-with-dsym";
				ENABLE_NS_ASSERTIONS = NO;
				ENABLE_STRICT_OBJC_MSGSEND = YES;
				GCC_C_LANGUAGE_STANDARD = gnu99;
				GCC_NO_COMMON_BLOCKS = YES;
				GCC_WARN_64_TO_32_BIT_CONVERSION = YES;
				GCC_WARN_ABOUT_RETURN_TYPE = YES_ERROR;
				GCC_WARN_UNDECLARED_SELECTOR = YES;
				GCC_WARN_UNINITIALIZED_AUTOS = YES_AGGRESSIVE;
				GCC_WARN_UNUSED_FUNCTION = YES;
				GCC_WARN_UNUSED_VARIABLE = YES;
				IPHONEOS_DEPLOYMENT_TARGET = 10.2;
				MTL_ENABLE_DEBUG_INFO = NO;
				SDKROOT = iphoneos;
				SWIFT_OPTIMIZATION_LEVEL = "-Owholemodule";
				TARGETED_DEVICE_FAMILY = "1,2";
				VALIDATE_PRODUCT = YES;
			};
			name = Release;
		};
		F26EAE481E20774800350C0A /* Debug */ = {
			isa = XCBuildConfiguration;
			buildSettings = {
				ASSETCATALOG_COMPILER_APPICON_NAME = AppIcon;
				INFOPLIST_FILE = Tweetifier/Info.plist;
				LD_RUNPATH_SEARCH_PATHS = "$(inherited) @executable_path/Frameworks";
				PRODUCT_BUNDLE_IDENTIFIER = placeholder.Tweetifier;
				PRODUCT_NAME = "$(TARGET_NAME)";
				SWIFT_VERSION = 3.0;
			};
			name = Debug;
		};
		F26EAE491E20774800350C0A /* Release */ = {
			isa = XCBuildConfiguration;
			buildSettings = {
				ASSETCATALOG_COMPILER_APPICON_NAME = AppIcon;
				INFOPLIST_FILE = Tweetifier/Info.plist;
				LD_RUNPATH_SEARCH_PATHS = "$(inherited) @executable_path/Frameworks";
				PRODUCT_BUNDLE_IDENTIFIER = placeholder.Tweetifier;
				PRODUCT_NAME = "$(TARGET_NAME)";
				SWIFT_VERSION = 3.0;
			};
			name = Release;
		};
/* End XCBuildConfiguration section */

/* Begin XCConfigurationList section */
		F26EAE301E20774800350C0A /* Build configuration list for PBXProject "Tweetifier" */ = {
			isa = XCConfigurationList;
			buildConfigurations = (
				F26EAE451E20774800350C0A /* Debug */,
				F26EAE461E20774800350C0A /* Release */,
			);
			defaultConfigurationIsVisible = 0;
			defaultConfigurationName = Release;
		};
		F26EAE471E20774800350C0A /* Build configuration list for PBXNativeTarget "Tweetifier" */ = {
			isa = XCConfigurationList;
			buildConfigurations = (
				F26EAE481E20774800350C0A /* Debug */,
				F26EAE491E20774800350C0A /* Release */,
			);
			defaultConfigurationIsVisible = 0;
		};
/* End XCConfigurationList section */
	};
	rootObject = F26EAE2D1E20774800350C0A /* Project object */;
}
